
Microsoft Visual Studio Solution File, Format Version 12.00
# Visual Studio Version 17
VisualStudioVersion = 17.4.33213.308
MinimumVisualStudioVersion = 10.0.40219.1
Project("{2150E333-8FDC-42A3-9474-1A3956D46DE8}") = "Services", "Services", "{25085913-0E2A-4A52-86D7-EC01580F6822}"
EndProject
Project("{2150E333-8FDC-42A3-9474-1A3956D46DE8}") = "Web", "Web", "{EF687B25-11D4-48F1-AB45-297177C07AFB}"
EndProject
Project("{2150E333-8FDC-42A3-9474-1A3956D46DE8}") = "Avicultura", "Avicultura", "{D6C6547B-7943-4CF2-B0A0-9B31BA0C5FC6}"
EndProject
Project("{2150E333-8FDC-42A3-9474-1A3956D46DE8}") = "Core", "Core", "{694D2EE1-31B9-48B0-B3F1-2DFA485380A2}"
EndProject
Project("{2150E333-8FDC-42A3-9474-1A3956D46DE8}") = "Tests", "Tests", "{594B5DC0-34C5-408D-A996-A1EB7933D02E}"
EndProject
Project("{9A19103F-16F7-4668-BE54-9A1E7A4F7556}") = "UaiGranja.Avicultura.Domain.Tests", "tests\UaiGranja.Avicultura.Domain.Tests\UaiGranja.Avicultura.Domain.Tests.csproj", "{E5131896-9886-4CC3-BFC8-FB1B00573439}"
EndProject
Project("{2150E333-8FDC-42A3-9474-1A3956D46DE8}") = "src", "src", "{51181A66-83E6-4E80-9BC5-948FDB6E747B}"
EndProject
Project("{2150E333-8FDC-42A3-9474-1A3956D46DE8}") = "Building Blocks", "Building Blocks", "{4DA0776C-6154-4B2E-A67F-EF08596E10DC}"
EndProject
Project("{2150E333-8FDC-42A3-9474-1A3956D46DE8}") = "Identidade", "Identidade", "{5E641A30-C6AB-4B7E-AF47-7B8D7425DBE0}"
EndProject
Project("{2150E333-8FDC-42A3-9474-1A3956D46DE8}") = "MVC", "MVC", "{D8196368-B421-4026-931A-471CD354E567}"
EndProject
Project("{9A19103F-16F7-4668-BE54-9A1E7A4F7556}") = "UaiGranja.Identidade.API", "src\services\UaiGranja.Identidade.API\UaiGranja.Identidade.API.csproj", "{8780077C-6D9E-47B8-93B9-590776AE84F3}"
EndProject
Project("{9A19103F-16F7-4668-BE54-9A1E7A4F7556}") = "UaiGranja.Avicultura.Application", "src\services\UaiGranja.Avicultura.Application\UaiGranja.Avicultura.Application.csproj", "{A04641A3-5CEB-4618-A819-73C01761F681}"
EndProject
Project("{9A19103F-16F7-4668-BE54-9A1E7A4F7556}") = "UaiGranja.Avicultura.Data", "src\services\UaiGranja.Avicultura.Data\UaiGranja.Avicultura.Data.csproj", "{A27E9467-C484-446E-ADD6-4E8B32F65345}"
EndProject
Project("{9A19103F-16F7-4668-BE54-9A1E7A4F7556}") = "UaiGranja.Avicultura.Domain", "src\services\UaiGranja.Avicultura.Domain\UaiGranja.Avicultura.Domain.csproj", "{AD6B0D16-D562-4CF4-BD8B-79178B2C1C32}"
EndProject
Project("{9A19103F-16F7-4668-BE54-9A1E7A4F7556}") = "UaiGranja.WebApp.MVC", "src\web\UaiGranja.WebApp.MVC\UaiGranja.WebApp.MVC.csproj", "{F1636DAF-0DBD-445F-BA26-2F163BE341E2}"
EndProject
Project("{9A19103F-16F7-4668-BE54-9A1E7A4F7556}") = "UaiGranja.Core", "src\building blocks\UaiGranja.Core\UaiGranja.Core.csproj", "{7C70442C-C3A2-4D4D-B7F1-411180FAEDC2}"
EndProject
Global
	GlobalSection(SolutionConfigurationPlatforms) = preSolution
		Debug|Any CPU = Debug|Any CPU
		Release|Any CPU = Release|Any CPU
	EndGlobalSection
	GlobalSection(ProjectConfigurationPlatforms) = postSolution
		{E5131896-9886-4CC3-BFC8-FB1B00573439}.Debug|Any CPU.ActiveCfg = Debug|Any CPU
		{E5131896-9886-4CC3-BFC8-FB1B00573439}.Debug|Any CPU.Build.0 = Debug|Any CPU
		{E5131896-9886-4CC3-BFC8-FB1B00573439}.Release|Any CPU.ActiveCfg = Release|Any CPU
		{E5131896-9886-4CC3-BFC8-FB1B00573439}.Release|Any CPU.Build.0 = Release|Any CPU
		{8780077C-6D9E-47B8-93B9-590776AE84F3}.Debug|Any CPU.ActiveCfg = Debug|Any CPU
		{8780077C-6D9E-47B8-93B9-590776AE84F3}.Debug|Any CPU.Build.0 = Debug|Any CPU
		{8780077C-6D9E-47B8-93B9-590776AE84F3}.Release|Any CPU.ActiveCfg = Release|Any CPU
		{8780077C-6D9E-47B8-93B9-590776AE84F3}.Release|Any CPU.Build.0 = Release|Any CPU
		{A04641A3-5CEB-4618-A819-73C01761F681}.Debug|Any CPU.ActiveCfg = Debug|Any CPU
		{A04641A3-5CEB-4618-A819-73C01761F681}.Debug|Any CPU.Build.0 = Debug|Any CPU
		{A04641A3-5CEB-4618-A819-73C01761F681}.Release|Any CPU.ActiveCfg = Release|Any CPU
		{A04641A3-5CEB-4618-A819-73C01761F681}.Release|Any CPU.Build.0 = Release|Any CPU
		{A27E9467-C484-446E-ADD6-4E8B32F65345}.Debug|Any CPU.ActiveCfg = Debug|Any CPU
		{A27E9467-C484-446E-ADD6-4E8B32F65345}.Debug|Any CPU.Build.0 = Debug|Any CPU
		{A27E9467-C484-446E-ADD6-4E8B32F65345}.Release|Any CPU.ActiveCfg = Release|Any CPU
		{A27E9467-C484-446E-ADD6-4E8B32F65345}.Release|Any CPU.Build.0 = Release|Any CPU
		{AD6B0D16-D562-4CF4-BD8B-79178B2C1C32}.Debug|Any CPU.ActiveCfg = Debug|Any CPU
		{AD6B0D16-D562-4CF4-BD8B-79178B2C1C32}.Debug|Any CPU.Build.0 = Debug|Any CPU
		{AD6B0D16-D562-4CF4-BD8B-79178B2C1C32}.Release|Any CPU.ActiveCfg = Release|Any CPU
		{AD6B0D16-D562-4CF4-BD8B-79178B2C1C32}.Release|Any CPU.Build.0 = Release|Any CPU
		{F1636DAF-0DBD-445F-BA26-2F163BE341E2}.Debug|Any CPU.ActiveCfg = Debug|Any CPU
		{F1636DAF-0DBD-445F-BA26-2F163BE341E2}.Debug|Any CPU.Build.0 = Debug|Any CPU
		{F1636DAF-0DBD-445F-BA26-2F163BE341E2}.Release|Any CPU.ActiveCfg = Release|Any CPU
		{F1636DAF-0DBD-445F-BA26-2F163BE341E2}.Release|Any CPU.Build.0 = Release|Any CPU
		{7C70442C-C3A2-4D4D-B7F1-411180FAEDC2}.Debug|Any CPU.ActiveCfg = Debug|Any CPU
		{7C70442C-C3A2-4D4D-B7F1-411180FAEDC2}.Debug|Any CPU.Build.0 = Debug|Any CPU
		{7C70442C-C3A2-4D4D-B7F1-411180FAEDC2}.Release|Any CPU.ActiveCfg = Release|Any CPU
		{7C70442C-C3A2-4D4D-B7F1-411180FAEDC2}.Release|Any CPU.Build.0 = Release|Any CPU
	EndGlobalSection
	GlobalSection(SolutionProperties) = preSolution
		HideSolutionNode = FALSE
	EndGlobalSection
	GlobalSection(NestedProjects) = preSolution
		{25085913-0E2A-4A52-86D7-EC01580F6822} = {51181A66-83E6-4E80-9BC5-948FDB6E747B}
		{EF687B25-11D4-48F1-AB45-297177C07AFB} = {51181A66-83E6-4E80-9BC5-948FDB6E747B}
		{D6C6547B-7943-4CF2-B0A0-9B31BA0C5FC6} = {25085913-0E2A-4A52-86D7-EC01580F6822}
		{694D2EE1-31B9-48B0-B3F1-2DFA485380A2} = {4DA0776C-6154-4B2E-A67F-EF08596E10DC}
		{594B5DC0-34C5-408D-A996-A1EB7933D02E} = {D6C6547B-7943-4CF2-B0A0-9B31BA0C5FC6}
		{E5131896-9886-4CC3-BFC8-FB1B00573439} = {594B5DC0-34C5-408D-A996-A1EB7933D02E}
		{4DA0776C-6154-4B2E-A67F-EF08596E10DC} = {51181A66-83E6-4E80-9BC5-948FDB6E747B}
		{5E641A30-C6AB-4B7E-AF47-7B8D7425DBE0} = {25085913-0E2A-4A52-86D7-EC01580F6822}
		{D8196368-B421-4026-931A-471CD354E567} = {EF687B25-11D4-48F1-AB45-297177C07AFB}
		{8780077C-6D9E-47B8-93B9-590776AE84F3} = {5E641A30-C6AB-4B7E-AF47-7B8D7425DBE0}
		{A04641A3-5CEB-4618-A819-73C01761F681} = {D6C6547B-7943-4CF2-B0A0-9B31BA0C5FC6}
		{A27E9467-C484-446E-ADD6-4E8B32F65345} = {D6C6547B-7943-4CF2-B0A0-9B31BA0C5FC6}
		{AD6B0D16-D562-4CF4-BD8B-79178B2C1C32} = {D6C6547B-7943-4CF2-B0A0-9B31BA0C5FC6}
		{F1636DAF-0DBD-445F-BA26-2F163BE341E2} = {D8196368-B421-4026-931A-471CD354E567}
		{7C70442C-C3A2-4D4D-B7F1-411180FAEDC2} = {694D2EE1-31B9-48B0-B3F1-2DFA485380A2}
	EndGlobalSection
	GlobalSection(ExtensibilityGlobals) = postSolution
		SolutionGuid = {B2B9FED7-E8BA-44F3-B6D2-AC7356FA55CD}
	EndGlobalSection
EndGlobal
